
Microsoft Visual Studio Solution File, Format Version 12.00
# Visual Studio Version 16
VisualStudioVersion = 16.0.31410.357
MinimumVisualStudioVersion = 10.0.40219.1
Project("{FAE04EC0-301F-11D3-BF4B-00C04F79EFBC}") = "NaturalNumbers", "NaturalNumbers\NaturalNumbers.csproj", "{42267BDA-E920-486B-83BA-2930073FC4E2}"
EndProject
Global
	GlobalSection(SolutionConfigurationPlatforms) = preSolution
		Debug|Any CPU = Debug|Any CPU
		Release|Any CPU = Release|Any CPU
	EndGlobalSection
	GlobalSection(ProjectConfigurationPlatforms) = postSolution
		{42267BDA-E920-486B-83BA-2930073FC4E2}.Debug|Any CPU.ActiveCfg = Debug|Any CPU
		{42267BDA-E920-486B-83BA-2930073FC4E2}.Debug|Any CPU.Build.0 = Debug|Any CPU
		{42267BDA-E920-486B-83BA-2930073FC4E2}.Release|Any CPU.ActiveCfg = Release|Any CPU
		{42267BDA-E920-486B-83BA-2930073FC4E2}.Release|Any CPU.Build.0 = Release|Any CPU
	EndGlobalSection
	GlobalSection(SolutionProperties) = preSolution
		HideSolutionNode = FALSE
	EndGlobalSection
	GlobalSection(ExtensibilityGlobals) = postSolution
		SolutionGuid = {804ACCA6-195C-4900-B876-71B2195B8F69}
	EndGlobalSection
EndGlobal
